
Microsoft Visual Studio Solution File, Format Version 12.00
# Visual Studio Version 16
VisualStudioVersion = 16.0.30204.135
MinimumVisualStudioVersion = 10.0.40219.1
Project("{FAE04EC0-301F-11D3-BF4B-00C04F79EFBC}") = "TheWinterContingency", "TheWinterContingency.csproj", "{76E6608D-7B50-4E40-BAED-6987CB95E8EA}"
EndProject
Global
	GlobalSection(SolutionConfigurationPlatforms) = preSolution
		Debug|Any CPU = Debug|Any CPU
		Release|Any CPU = Release|Any CPU
	EndGlobalSection
	GlobalSection(ProjectConfigurationPlatforms) = postSolution
		{76E6608D-7B50-4E40-BAED-6987CB95E8EA}.Debug|Any CPU.ActiveCfg = Debug|Any CPU
		{76E6608D-7B50-4E40-BAED-6987CB95E8EA}.Debug|Any CPU.Build.0 = Debug|Any CPU
		{76E6608D-7B50-4E40-BAED-6987CB95E8EA}.Release|Any CPU.ActiveCfg = Release|Any CPU
		{76E6608D-7B50-4E40-BAED-6987CB95E8EA}.Release|Any CPU.Build.0 = Release|Any CPU
	EndGlobalSection
	GlobalSection(SolutionProperties) = preSolution
		HideSolutionNode = FALSE
	EndGlobalSection
	GlobalSection(ExtensibilityGlobals) = postSolution
		SolutionGuid = {2345E826-7671-4205-BC0A-F513C476AAF2}
	EndGlobalSection
EndGlobal
